
Microsoft Visual Studio Solution File, Format Version 12.00
# Visual Studio Version 16
VisualStudioVersion = 16.0.31515.178
MinimumVisualStudioVersion = 10.0.40219.1
Project("{FAE04EC0-301F-11D3-BF4B-00C04F79EFBC}") = "WinFormsApp5", "WinFormsApp5\WinFormsApp5.csproj", "{BC9EDBCB-1EC4-48C9-B1E1-E4BAB76AB42A}"
EndProject
Global
	GlobalSection(SolutionConfigurationPlatforms) = preSolution
		Debug|Any CPU = Debug|Any CPU
		Release|Any CPU = Release|Any CPU
	EndGlobalSection
	GlobalSection(ProjectConfigurationPlatforms) = postSolution
		{BC9EDBCB-1EC4-48C9-B1E1-E4BAB76AB42A}.Debug|Any CPU.ActiveCfg = Debug|Any CPU
		{BC9EDBCB-1EC4-48C9-B1E1-E4BAB76AB42A}.Debug|Any CPU.Build.0 = Debug|Any CPU
		{BC9EDBCB-1EC4-48C9-B1E1-E4BAB76AB42A}.Release|Any CPU.ActiveCfg = Release|Any CPU
		{BC9EDBCB-1EC4-48C9-B1E1-E4BAB76AB42A}.Release|Any CPU.Build.0 = Release|Any CPU
	EndGlobalSection
	GlobalSection(SolutionProperties) = preSolution
		HideSolutionNode = FALSE
	EndGlobalSection
	GlobalSection(ExtensibilityGlobals) = postSolution
		SolutionGuid = {0E9092A7-FC6C-4205-93F0-689797B1FA81}
	EndGlobalSection
EndGlobal
